<Solution>
  <Folder Name="/ShopApi2/">
    <Project Path="ShopApi2/Shop.Api/Shop.Api.csproj" />
    <Project Path="ShopApi2/Shop.Application/Shop.Application.csproj" />
    <Project Path="ShopApi2/Shop.Domain/Shop.Domain.csproj" />
    <Project Path="ShopApi2/Shop.Infrastructure/Shop.Infrastructure.csproj" />
  </Folder>
</Solution>
